
Microsoft Visual Studio Solution File, Format Version 12.00
# Visual Studio Version 17
VisualStudioVersion = 17.3.32804.467
MinimumVisualStudioVersion = 10.0.40219.1
Project("{9A19103F-16F7-4668-BE54-9A1E7A4F7556}") = "bookstore.UI", "bookstore.UI\bookstore.UI.csproj", "{1D2E635D-A817-4F62-8619-0F75EB4CB0C8}"
EndProject
Project("{9A19103F-16F7-4668-BE54-9A1E7A4F7556}") = "bookstore.Entities", "bookstore.Entities\bookstore.Entities.csproj", "{93FC2048-FCBD-42AA-B553-8F8F37252AF1}"
EndProject
Project("{9A19103F-16F7-4668-BE54-9A1E7A4F7556}") = "bookstore.DataAccess", "bookstore.DataAccess\bookstore.DataAccess.csproj", "{4AE67CCE-E878-4DBC-A905-CCD541E07095}"
EndProject
Project("{9A19103F-16F7-4668-BE54-9A1E7A4F7556}") = "bookstore.Core", "bookstore.Core\bookstore.Core.csproj", "{D86B3EA7-2E89-46A9-8671-2FFC96ECC009}"
EndProject
Project("{9A19103F-16F7-4668-BE54-9A1E7A4F7556}") = "bookstore.Business", "bookstore.Business\bookstore.Business.csproj", "{A6453E6E-2958-4D5E-8572-6CD39BA3B841}"
EndProject
Global
	GlobalSection(SolutionConfigurationPlatforms) = preSolution
		Debug|Any CPU = Debug|Any CPU
		Release|Any CPU = Release|Any CPU
	EndGlobalSection
	GlobalSection(ProjectConfigurationPlatforms) = postSolution
		{1D2E635D-A817-4F62-8619-0F75EB4CB0C8}.Debug|Any CPU.ActiveCfg = Debug|Any CPU
		{1D2E635D-A817-4F62-8619-0F75EB4CB0C8}.Debug|Any CPU.Build.0 = Debug|Any CPU
		{1D2E635D-A817-4F62-8619-0F75EB4CB0C8}.Release|Any CPU.ActiveCfg = Release|Any CPU
		{1D2E635D-A817-4F62-8619-0F75EB4CB0C8}.Release|Any CPU.Build.0 = Release|Any CPU
		{93FC2048-FCBD-42AA-B553-8F8F37252AF1}.Debug|Any CPU.ActiveCfg = Debug|Any CPU
		{93FC2048-FCBD-42AA-B553-8F8F37252AF1}.Debug|Any CPU.Build.0 = Debug|Any CPU
		{93FC2048-FCBD-42AA-B553-8F8F37252AF1}.Release|Any CPU.ActiveCfg = Release|Any CPU
		{93FC2048-FCBD-42AA-B553-8F8F37252AF1}.Release|Any CPU.Build.0 = Release|Any CPU
		{4AE67CCE-E878-4DBC-A905-CCD541E07095}.Debug|Any CPU.ActiveCfg = Debug|Any CPU
		{4AE67CCE-E878-4DBC-A905-CCD541E07095}.Debug|Any CPU.Build.0 = Debug|Any CPU
		{4AE67CCE-E878-4DBC-A905-CCD541E07095}.Release|Any CPU.ActiveCfg = Release|Any CPU
		{4AE67CCE-E878-4DBC-A905-CCD541E07095}.Release|Any CPU.Build.0 = Release|Any CPU
		{D86B3EA7-2E89-46A9-8671-2FFC96ECC009}.Debug|Any CPU.ActiveCfg = Debug|Any CPU
		{D86B3EA7-2E89-46A9-8671-2FFC96ECC009}.Debug|Any CPU.Build.0 = Debug|Any CPU
		{D86B3EA7-2E89-46A9-8671-2FFC96ECC009}.Release|Any CPU.ActiveCfg = Release|Any CPU
		{D86B3EA7-2E89-46A9-8671-2FFC96ECC009}.Release|Any CPU.Build.0 = Release|Any CPU
		{A6453E6E-2958-4D5E-8572-6CD39BA3B841}.Debug|Any CPU.ActiveCfg = Debug|Any CPU
		{A6453E6E-2958-4D5E-8572-6CD39BA3B841}.Debug|Any CPU.Build.0 = Debug|Any CPU
		{A6453E6E-2958-4D5E-8572-6CD39BA3B841}.Release|Any CPU.ActiveCfg = Release|Any CPU
		{A6453E6E-2958-4D5E-8572-6CD39BA3B841}.Release|Any CPU.Build.0 = Release|Any CPU
	EndGlobalSection
	GlobalSection(SolutionProperties) = preSolution
		HideSolutionNode = FALSE
	EndGlobalSection
	GlobalSection(ExtensibilityGlobals) = postSolution
		SolutionGuid = {D21AC8DF-8B15-4D18-978B-80F9AB06B777}
	EndGlobalSection
EndGlobal
